{
  "conditions": {
    "code execution \u2014 script hosts, LOLBins, scheduled tasks, service creation, wmic/mshta/rundll32": "cf1eu7u1Qz2ZAfa83MIqOjIMcT3BCrk8oIVjPWR9dzwbUY+7xW/4vAAKEDwXtgo9LeWcvUClXrxGSaY8dQs6PdmBsT32XGe9BLBdPdrdNTu9wLG8RZ4vPT6gwzuEj6g8VnhpvZLp/zyMoTW8BYLevMAG173CnKo8G0iKPNYRojwbw4Q8SsgzvOc3eLz2Ykm8/K8EvCwFwjwtCem8QkjbO4L6WDyp62W8q12gPEJhLLzR5QO8oUDlPME/iL2OAqA7xyWgvEq1aLwOvIi9ahNgPWmue7youoG8G4rpPFEwjrzbozw9HW6ovV1Hajzg9nQ5OpRcvMzri7zb14C71oZUPMQXcz1qVDK8QXY+PegaXj1VoJe9ei5kvO0LybzFTIU8qbszva379bx2bys9Uru3vVVZHTtm//I7abLSPD++gz0/yZO8cfkUPbFHPz1hp4I9CeFhPWg4LjxznW+8vl88vNFNhL22XgQ9lPb8ujXrvryOSH48bnI2Op5pND0hEaS7Ln5Tu5ohhjzbiTQ8jDM4vDv0aL1SZyc9ee4yvRbQWbxcCzm9iiATvZJ5dLzBv9m7PxDcuzKYmbtvWaS7giYMveJ8Nbyt8yu8yeA7vamTiD28Acm8evC7Oz3snbtmHdm83vTsPDGz7DyBvUq9tXevPXkEtTwUhYs8lc9xPQ0IXjzHTCQ8TcqxvbmqnTziQPg8a+/NPFOCETs5fJs8vVCRPFWEJbzWPPK8y4W2PNuuObypaxu9uk4SvcazPjvJ5li7B8+mPAqIHTyjgl073jqKvfT5Kb0Zg9M8u7QfOyDpKT3A/oy8PosvvZ20TjpvIqc9A/jgPFIhkD0LhiS9FNDVvGQ86ryv5Fg9Spn1vD3QLjwfpaW8yjQPPRZHAj2wDe288rqCPXBQ3Lymxg69SAjKvCM1HD37Fha7jlEGvGd9rzo5pNg9RAmCuRBGAj3yvoE5BJxmveAD7rpsUJG8v98IOq+HQDx3gfk6DC9lPenJaL32qkG8d2C2O8bIyb0mP9a9UWpCPXjMUDy/c1Q77Aetu0zhhb1n+Rs9LOm3PFQoxDzGB/k8gQEFPMhmpj3VvHq9UiSZvTglxjs08gM9qmpRvSSlWLxEVy4832kMvb0kcjrVeU89z5UYPaNECT3iPm89We+uPFRsd7x2fho8GAUVvZ3lAzw6mmC9HL/LvBJjCjzTi5a8aHRfPbUfGD2gxai9HzgYPUltBjw+qbk74WEwvYw5Cb3YiLS8fvcnvYr2Rz178US8t3dKvbIBfby5Wcy8nYaaPGD/ID0/5q66u02vPD1WKLw0cd27d0Z6u/9e0bzlbK68WhflPB/jlzy4ZWW74xAHPdX0Kr2C7o+7ziE6vZogRr2Pzhg9vWmsPE6Bcz0DKc67E/2HPCq3U7vlgY+8VVoMPQjCk73lVAo8pac8Pf8fgzu45Hu8OAFMPKCP9rz+47W8sr+gvO/YpjyHYBG7i6aNO592BDxue1K9wAVqvG/l77skLjI8QwG1vAKNkrsNEhc84zSCvCkb4DvVb7i9FJZQvQ/+MjyfMMC5wDUePXOD0Lzgf1c9BsK7PMxH0LqM4sE7d+sbPXLm/LvIJ5C8veqAPCu3mzx8GC28BS8vvI5vJLxvPiK9Sie/vHkbf722Jnq+rx6oO1L5UTvzlju9lcJtPZL6K7sVNJc84uWgvO2fHLzMeP88Tt2tvHbzW7yfjC88IOuhuwsbCj2TFZs9BpqouizyML227OK7f+nOvMQHAT2i7Ei8AHXzPBjzYr3KiII86dWpPVQYDb33gAs9uRnavKiUKb2kGWG7v1ogvYj7Lb15D4s8Y8kcO+BwK7ydFuI8aC8IvceBAj0I9RW99ckIPQhXQr2s2Fa92oXWvO2UoT0+OQg8H9/OvAfY+rxbk268aiaePR1dyzuTa3o8zwpEPAo43DyuIFC8nHxhvETAm73yVoY9DZkove5twjxkt8M8DD6BvLktMr2mwXq8zk+tPHuMGb2HMaC8J/F5vaqWTD1UoLa7c7U8u6TAFT2dRpK8JgWmvYR9mzuiNhS9RPhEvfmv9Lz56+U8PoWIu576Eby9qoq8kPd+PHixJ70SbMq7q5o/vX1XOTxF1tW8knPEvJe6jryiJ0U9xc3zvOmMi7tVRSs9/v9jPUwwKTyBXTM9NwFmu0zdCDwPW4Q8SZ42Pa2Adr2O6Sc9CiZlvUG/Mrvbx3Y8jCF/vT8/Hjwr8y09D+p5PbPaizw+Awk7Pkfcu1KYtb3ZJVk80NsoPKSoiDxJjRs9t0yjPBh0Erzou2i9tTwlvI/qoLr9bzI9P8hivQJDLT17Wic9YXcxPUlZUT3TQgs8hK21u2jTPTwUxZw7rWyOu4Az5rt422c89RANvVG+7LwCJVe8uh3lPMbkhLy8XX68jfwUvN8mQT3hpaU8jz0MPeSt0ztreja9lNfWPH07+TwD2wW8Diwuvaab2blMnFC9vdzBvAKN4Los/kc9RK6iuzg1Bz2D9gu9kEbsvLuPbb2Fb/27ndr1PD/J2LyJnkw9QjtHva+p2rzextK8pxp+uw0oq70q0dW7GwhBvV1aAz1hUz8947tpPBph1rqFILk8U4GkO4QPVD2Dnx09abgyvURuQLyDcgm8IWVRPY95jr1LIaY8ysmwvAbS+Twur4o8H2usvBQSKLv33jg9Y50IPaNh5byvoz699HdxPVN5gj00f8I8gL+MvfldyLz9uYa82MNwvY6pw7sS6CA93YMOvQPcpzwQFNG8JumLPGm6zTw/XXA7q9J4OqcKt7yVhZg7qyXbvIaIUr2ZFgS9QynFu4OQNjoBFg29FtoFvYYvZDzWpYA82yQDvR9wyLzvUcw8b/cmvfS+Dr2tIAc9XuTROj2vgz01Y4S9TAMTPZw97Dwc0ga8bZtgvBPDDrwI8oO89v2VvJaiyLt/kYM8WPyiPDthRjxAn1i8HB92vEpU+DzTaaS8FgnEvCnlIjrRSTs9ILigPPXGKz3bQps867HlvLixJj2TIoK9ah2yvH3v27yIc9C83v6YvOJjgjug58S8tHBdvDgTDT3IKCE90RuBPRaQTj1cKQC9hugxPXutPb2CUF26C8iAvd1uG71+kaW5Spe/PBDRLr3T3qE8y+2JO+bs2jwHjGI6XeddvSjsHD3wA/+8DokRvMcvGz0joHK9rrTFPFr1FDx26WC8XmEBPczp4bvNqSs9HEkvuw2bCj0+z3W9bWCFvUj3DT3xt085Nhpbva7fEj2DgQW9ZqbEO/YTPj1fSEs8HRATvJekcrxb3Dy8t1WGuvoNQb0lkVi86R9zut+rz7sXuJI9n6EUPQLibL2hv12840TJvMAYjr3gIhc8vbbiO2sM+Ds4+q28Yp6yPSxR/DxeDe084fadPXZGJ7pSLpU8kBXYupwCJT17Qms9yZZ8uzqkDTzqyBI9irs4vU22Tb3nhIa9TlO+vGeCPrzxpGO8RFjVPK00tT1JM767eGqBPaf8ATv+oQ08pzkwPWq/zToUfJI8CxzzPDlzyTz1M1o8CguWPK5AQjmC8Tk9/KqovatdDjxJn4G7sWQjPFAyxbwOhvu8bSOGvFLwgD0ZXi09FgjHPGPDj7zE1iw9MpifvJG7YTxAFQK9mwlDPa4aDD07ImK9+8USPNLBQT2hNE+8RlhZPfBSrTxLV5U86y5AvYwO2DyLbB68Xl+pOCd4mr25iAa9xKb9uylgDLx5HZS6on9DOrwd4bx5oJi8LxxWuyi9S7yhQD08old0vOVepLxt/Dk94/PuOwFWNT3ObhI8uaNDPQlHxLzgt9O8zMo8vRnAybzDwR481613OlOGw7zVyUG9Veh3PZ2YXjxTeaQ9NVNOvYHwFD1+pxG8NgjHPBBoEz2b0vk7NujWPAJg7zxf6AA8IbrIvFy0Yj1zzWI8L0ACvdE48zzmqx8987OvvIKenToTies8vjrxvJLUsLtq2xe8pmbxuz898LxIO5a9+fyhu1uqYjxO8zg9rmhDvRa7MD1pz9W6uFyxvWB8Ubyqwga8+0cmPMNTl7w1P0K9tKjWPAaMsbzVwha9GVbFvB8SPTdE0ZW8GQonPGfCNT2mJS49QDMZPSmUljwklDE9",
    "command-and-control or exfiltration \u2014 beaconing, tunneling, DNS abuse, external data transfer": "1TthvfWurDx/Fla81Aq8urBfWT3MV8e8MKBDugp8mLstEWm8IzyBveiYC73HWxM9ck95vXE1qTwHtLw8EpJKPezKsjz7nMu84jSVPfJ0hrnEroy7yoEiPIQcm7lpJ/y7p0yCPBtcAT1f1zQ87Qo7vBjSgb05Vp08JBdYPa/BEb28WqO7Mj6+vDiUgrzph888y8PZu3sNuryTAAq9CM8KvbvXOb2TzuI8fdPMvGlJSDxuu1K9L+gHvK6Md73Ikwo9E+O0vOGJaDwfo6a9auKWPEyLizv4Hr48rBCVPf96yjysrSQ9r9icvY41zLvcyz295RKiPBwfyzsohJ08zl07vO0rqrvtCnC8VXkqPfyBAD24SYe9XhblvMw+9jvJ9Bs9SOCovKbb5LzCGqe77BSAvbpqDz2YTAq9vx+pPNKoJD2+Ong8r7QKOWVZKLxvHgM9DfkEPdo297zZhsy8YbqRPT2Tjr2IJj09frjCu2rAC73PpoQ9ZbzpvDS54zwLTLy8n5HBPGFCFD3N3+E8TUtovLgz4TwV+UU9I23Uu6+cmzxSzLG9Qe+BOsxZ4jvz6Ny8DbAJOgqkcTwtFi89vtPtvFBWBD0J8sq8M+ZvvUPBmj1neEy8HmEWvYa5NT0vAcs7ekFePQyM6zvmqxS9RwxVPfkJLD1g9ka9yWMtPdoiND36rk685zj1vLgPxzs+/pY93ycUPF9jjDtvvEI6EDTJvPIfyTt827Y8uVtAu4bSqjw86Ys7l40/vetm8jy6+U69QdkLPYXFSbwmeFS7f748vXAjortWRso8ctDXvEq5n7xZW0E8wfFPvQUIaLzFkJ08sZgMPb7stjz9i3e97hecvLQgyzttiA68SCUjvb1kNDxjavu816/avEv7qrx0Poe8XhglPbmXOj1K7iW8wOkjO0yAYz3olcG7UMVou45q5TzLZxc9qHHbO4sSeDw7tSe7jMB9vdr3iz0HoYC8cPK+vLJgOb1mXZK8CcJAPQ0B27yLUCW7BjApPXGLlL0/sY+9+oC4PNyQ7TzNbwU9lKctvQz5qbtXe6c8p1bMPCgfST3HYQQ9wEvWPALIjj0mySC9txMmvErdVDyUgNM7Wt1NvR5jBr0f0NI8FbVOvVZdvbyZnW+8SNo2vWBFPD02icO7O1AtvSASbjvx7W48PSdsvb13fjzOG6W7WEbuvEvbnT0nHWE8dYl5PeEViT3QZ728V3o1PFs4jztrmmc8b3jqvFex67zRGw29AWYMPam2gT2ipow8amEvvBd5cj3QG0m8iNNpvRMW0zyAsTY9vxdfPRBswTsfTjQ75v64O4xeFL26/qY8f55qva6dXr26Upu8zt3XPNgdTr00DCY9bW6GvXX7oDu+yZ48UdwbPfy5aj0Qd8W8FgxCPT9YaDyUOtC8+zcPPdMOb70vl828NAXGPGye+zx+V5I8bUfPOjnClL1tD8U76jPiuwAGGD0b5Q2996TfPDj6CD2VGzS8lpmEvHK+0LwOohw9G13QuyKRyzkFX3I8hIPCvCgVBT1OnUO9hQQWvbO6TbxO7UC75+swPJd1jDwA1DA9sfbMPLauvTwzlqq815y3PA84eDzP/Wa8yORnPPLahzzYuZC9PPoMu3PGFbySf0+99UymPMEfHr2VIoq+1omMPLLG0jwIawC99qQvvImFxrzGeCs9CYRCvV11mL2eDhE8G2k3uyHX07ss2iw9TnyBPImEsTvEvxE9fH/0u/oXxb2vs4Y8JBi6vBHTxDtAdx29AqrsPC6Cjr185yW8SyZNPXAo2LwVKzg88mFIvboWqTvDjLM8XWHlu6vjxrzkjZy7KcsKvPHIkLwDVYc9yIjOPNfBsDwcIxm9rLGFvL1n4bsKQGU8OCqEvIOIbz017uo8/WdLOxffh7y2MFw9hG+EPXYzFL0kyIu7xADBvK32QbxirRa983MNPA+Utrw3DSS99zIavSQOtDuo8eA8pKw4u8Amab3ZC+e8EXY2PdZebr0g0WS9JShsvYiolj09QV28IO0wPOwzOT3wimU6ST6avYljGD2Bapw8j+OOvQDRAr16/4I9LS6ZvDIrEb1jnre87ZxhvMLZAjt8fPE8QUCOvQn1IDwH7+k75WXavFXP3by9/qE9z0w2vLNVU73n6sy8cdyMPWfe3rsYL6U7vZHLPJSj0zwwaNg8fzrdPPyjm7wjXoA8gxSKvczzkjwcK5M7gaehvBxsOz0U/AY9aefLvGTw9zxNqEM9EdA9PEYnSL1Jpbm84NNgu3jfBjt7eRA9aFobPffGTb3vuY+85K5aPM/+Ej2kjNs8gzGEvf82Hb0bN3m86hvnPM1Yoj1F15a8U2IOu/ucSbuT5ac8PKgRu47wUD1nHYi8Zck+vIAFuLwnIF28geV1PJkxIb3boQE90J5uPJWGdjxQ37072MerPACyHr3czrc8grYfPcTUBL2zVPk8igklvGh4vjxdFDS9tuMXPCmkwzykGjQ9WBaTPLYTHTszcMu8f9FVPPAldL1Erc88SVCXuvguVzxMuWI9nyyEvZ6tbL2J5308Po3HOj6TNTvvpLc8HW8lvRsATDwPYtS7gXE5PbjKOr19euy6f2y9uWvVZz3g8ey6MOoHPJl5brwvPx49ecqCPUYoNb1J5G49y7MSvP0V9buenk89H4AqPJD/XrvvN4G7BbJXPAObd7xelme9Mk+bPEd1eD2hbFe8BPRqvEp6LTxnnmq7kSSKu+e/pzwITrG85lVMvc7oCj0rrFA8f0aZvOVZUD2oRS69ELfpvDMkw72lYlq8++BYPKhpRb2bqGS9WlwgvelPzrmFZi88e9B9POGomrsIwsO8Wxvxu4mDHrz5KGA8/v/du2auAb31odg7hPXSvCOaDT3KRt07Oh2bPKcKmTxXfV08fbhVumGFW72XlgS80/xLvRQY4Ty5XC68y653vOIUjLzwozq93dnmPHEBhj0XnpG8syEEPET33LytMu08D3zcvNUkkj2Jfhm9aiCOOq7b0zyz5n29KpbRvJcQLbnIioM8GeW8vN7ktjtxVZC8tGkkvUyfvjtxGyM9l7TFvNebvDvW/5e76ycIPFulzbsYDpG7+05PvYxgNj0YDy49qJKJvG+ZNzubfpM9vniPPErjT7zO4FC9YEBYvWv28jtK8nE8cMVjvYQt/TzCwJq9NRlnPDA88bvzPKI7UFwoPadkzrxvJQA8QbGPPLoosTxqhtu8uDI4vSBEwbz2uyc8FOTCvEorSz24vK67x52rPJhYBD0sogy9khE8PZgwHLwJEa+8A8dZvddqSD1aJ8G7VpClO7ctWr0zd0Y9yZ2nu/hvDb2cNv68LuoyPepvvDtNpls73JshvXSw2jyOsl08YR4LPfeugjtsu3M9csJjPUz6hjuIJdi857OYvIsxBT0BIKA9N24zPfRFqzwpipM8u8XqvLeUEL3/2mO8sO8fPeNpw7wVSbA8DzZOvIPuez3vN4w8gyF8PXMYUb2S8cA8vp8sPX55gT1LoUs7YwOdPCdNGT1CUrw80TAvPGmYmry622Y8vEGBvLWombopB5483pFivQyQcL15PjW8XizYu4Y0WT1uhui7Q6t4PUPfjjxFRLU82SXZvNBgYz1kKfA7f1vRPCM2BD2ZRs68shKcvTJBDzxe2vO7NjE7PYSpYzwrV2G8Ax8CvZhenzy88rQ8z7pyvcd2l71o6xi9/9nXOzSre70SDmq8hRZnOzJMAb3fmSM8CT+1vN/1bL1VJLk8RYYROxtNEj0XFCQ9DA2DPc6UgzyPasA8/0mAPRJPDLp8tM283atAvUDUC71eSGg968uAvem84bx5A9C9X/G+vAYyhD1Fq5E7yxeWvSXzLT0g1Ea8F0OrO6ygjD2VABW9qk23PB+t7DxjV406ucitOjljJ7yxD0Y9ZDkGvQkxFj3I8Hk9g4h4PA817rwCOqI8U1wfPOTUNLsFlg69fcIvPDq1lbvGVOS9N644O9qn9TyVIQQ9lTiAvWCRAzzWvoG8LMT8O87aJ70094S8zX3CvIvNtrwCdy29S9ucvCmAnj33fNe8eoyAvAlKhTonkba80O+ZPK77mrwPTS07wMMxvEpSh7zKWk87",
    "defense evasion \u2014 clearing logs, disabling controls, obfuscation, masquerading, test-signing": "oa2TvAl+Vz2NbCs7Sn73PBVTqz2T1Pm7/vqzPVtbQ724XQm9E2aGvHpzPruK5488jJtavbgSfjxucxg7DS1ePanJAz1Z1+87IUqnPXAayrwkLC89rb4Qu4UVurx22hM8CJ4VPYAIVz3lF4U72o6UvKXEPL2cBKI8dxXUPKCTrDwvyWe7l4njvDefCrvhdUM7jO00vaMIHz3QfLU7qtH3PNHcSb1KLAG8PQqAPDWB/DsX5F29g5+CvCxtoL33cFo8qlaIvIJeEL2SEbS9p91rPeCukTtLdQi97hm4OyAN+zx1UkE93OSMvTLx0jwetQu9Enn8vAVaU7vq7qO7O5jSPHHr3zyP7/28sLnpPNYU6Tx7CHG9HY3SvN4JQTt8kco8B8CZuzS89LwtfIA82TzZPLqiij2KC5O7cmcOPZ/2Mz3NnAk9WuUxPJzn/DzCIyE9VYGIPC0+Hb30eJ29JFV3PSZAhbxvGik8wVz8OzMjU7368nw9z+RsuHrjy7skQjG8hsnlPFTGsDpoeUa6ojFPu8hICrz3a388kUukuoMYabuPpau9QCkUPAK3m7xdmX68aE2hu5JUqjyjW5g85W/1vGUnjjwu90W9o3iivUYfjD2J2u28aRbAvGyW3Dypvj0816MBPe/bez2EAOu8zQRzPRipOj1TdQC9pnLOPIQ2Dz01phc6yHQFvfy68rx9eEw9M5flu96KljwLTYA8ED97PHYH/LqQRQA9aFD2PPBQzbveXZu86qwuvRdBrzzXOEi9j2DqPC1fNb2T5Dy8hpmLvA/JJbyEpWw95RyYOpgpzrtPNA67eE1OvUUhg7xgeHc9QVqaPLMbO7z4KgO9hoxPvV4kzLtARRw8x3JnvTKzIT2nm5G7rn2zPFZhKb1+wRW9bg87PTXqd7tkk269AQaVugndWz3eUwq9KfJqvCDLlT1hIQ894BQmPafrqjx+PP87PYx3vZybBj0ymY88Q+aTukBGCL2Fr5C82zIfPV7xs7ramdg8hnGNPJQpw71r+Ia9RUnIPerDibwIdJA9SNAOPAhmqDwD6QA8r0HjPMKTRj2YLiU99mebO7rS4TxojYO8N5rAvGKBxzx9GNA7UmIPvU6TG701yJG8WOYIvf8IT7unVjc9qPYpvI0/Dz0zs2w9l9A9vfgH1bygeK88H4CWvYdldzilG/+8q0j+vOOeQz3v5se85SykPVnLFD3oeGu99GUDPWpLBL11nQS9SI9jvbM98Lv1NSG92pbuuB1WiTyOpuS8utA7vLYcfj3FQii91AS8u/SxHT2rtuA8Io+APfwgCTyrvvY85rHcO64plbzdBN+82Kk/vMWVWzwL0/S8oNHGPD6rKb0WeMo7VtyDvQ4RfbwtDJq8yLG0PI9FTz09a6m8+fFaPBFUJL3oPTw8Xl0QPTw0gr1uVcc8VmVJPZ8JrjtYe+s8voWrvFWTNr2HKD+8xO6oO5h3DD3h8F292uEePf6aID0cB5G9d+AEvSb6C71zu8g81NW9vJfFArw/y5G8LA6yvPAItzzVLWm9Ss2XvZePqjzQ8CI9Hym6u0xQt7y3U9I85Jg0PSYrGj2/+AW851vIPFmZPj1ZaCU9sMB+PY6z2buQMra82LzcO5C/Eruf5gu9VJ+PO3U0Qb305Gq+u9YwPU+a4TwtCWy9LTOSvK2DKTskIaA8xciPvbKrML1uW6i8BaYaPKK79rweg1w9o81RPKSTDDwy1MA4+vuJPSFSrr2VgmU9KJYNPLEz5rsC+Fi8tQBSPUxMf721HJ671E0pPU3B97xFLMM3iSyDvYfrdzwIZiO8b5QVPD4u1rqcNCA8l0H1vFc2D7xKeTA994qIPGKvnTxRtJc8H/Y9PRxfiL1pc8u6UdwsvThrRT2mpSq8g+uHvICNr7xE48s8CbGSPQnxVrzKG+q7WKQKvV7JQjx4ci68P3/BvL3oAT39R/S8l4IrO5m3Ij1vEYg91LhcvATvnTzi8V+89sI5PCp4j70pZV28goCXvWUPij3TCM47RzSBPDI2nT15A+s89wNMvdOuKDwmhZm78Z6ivX/wP7yUIKY87J1pPMB4EL39IQm8fpuUPP9apru7tZK8DZOlvDevhDym9zI720z0vFetCbxsTKY9VkemOl+Pyztdrai8Lid+PfV9Nj3jJXk9dwdHvD/lwTvMGQO9miSbPC0Nbrwpn+w8mAimvKT8+Dyfw8U8uoR3vN+mAbzsxKA9lc6pO0Aj6zoCgmA74QuzPFKVFL3t8J6721/yu0SxGT2HhhA8ZNeGPHvqir2SLz29TFeFPNDEobt6Z4s8/TFXvVcPHr1x7cs7e2pFPRmEoz2wVf68J6rFPJDo/Dyi0Pg8GTgsu9ifjj2hEzI89V1GPMpqi7svApm8CZpEPXGIB70qQku4To+WPNz80zy7TDc7AI/hOvX2vbtgvhW9H9kPvCp0hDz+foU8vZM8vXYOwDzpCGu9TecGPbl6SDz9Wyk9RLa1PPfNLjxccR+8vqT+uxYdIr0Jo6S81AU2vWJtXzwrpSE9RZeDvRrVCL2FEQq8X2DMOrnkorwZGVY8AgnfvJdtKj3PuZU8tJgHPG4WhLzCP3G8BnAaPK+vAj04A+S7W/ApvSKAiLx9spM7+yRWPTN5cb0GMUa72v04vQ0ZobrMGYU9PJHCOn7nk7wyHhi8axaUu716JL1RpGS9m94IvILVlD2GsQa9gKJYvamhsTxwTSi8d2IPu0dUXLyJ1oG8I6h6vfFmvTwkMiM6D6uIPL+JZj2MWgU8WiaAvZ5/vL0QR9i8oySIPNW/hr1UPli8B6iZO9N4SLvrHSm86JFfPNlfGLxyqgS8Eqq1OoxXerx4Avo7l0GevLNMFDymNRY88mD7vJ48QD1r3mu8X5P0PGPNvTzg4gy8fw6MO1+wHb39Nio8TbwlvecIDT2BLCi5zMg+PIgyIL2G3KS8xl0jvP8NNj0oYoy8w8OXvGH8JL3yMhY9uvmsPH4Nzj2iA/i8cy0HPBtEKT1trGO9SpYWuhEzB71MGAq9iBwWvRWtujsFMze8sbsLPPWWKLsUwdQ8S8QBvUOxvrx3Sca85H2aOxUNJ728uZ28gFZ1vLixVj2iga49KshSvRbCfjtZziw9UXegPAdM5jvFBCm9LV9Nvdd8bTzJyUU7tRdivUXUBD11aaK9lYZ0PNUQc7rqHYm8igQGPEqrjLwu6RI89ioyvOF2hrww2DW9qhxivZ1CZ7zIn747/Ev2u+FIijuSh/m8ATJePbT+cj01NEm7HUtePC7gkTxmgv+8NKeOveKIn7tn/6c80wIJurdf1rygmVM9YWE2POfD2rxJeU69IAqgu01zWb1B+LY6wysMvcBx2Tw7C/I8zSVhPTdHXryRLPq75BuEPfbMrzxFmpg8nKaivOiqIj18E7U9tfeQPI/Y/zxkhvA8UK/2u3GRN72YphA9oxMLPcDzQL2TdOW8YD4JPWZPwDyhrPM8c9tLPT4QSL2Cxgg9K7H8PFGKgTykgQu9Ruk8PVSnJ7xDfGm9AJluu1VQL7xh6Jg8UFB6vV2ojryzfFg8w+hIvSByA71jdxI8vSqNvKL5aj1o2CS8DINOPZ/KOz04y8U8qrIHPaBOlTy+mFK8LPyVOnOQyzugFbW8B332vLa4XbyODYQ8nnzfPI6RRT3h9Wk8KO3RPK2PqzzH6sa6H31IvQCdfb2fsgQ8p/bPOwlTS71FTGK8mCzgPK4esL0YGFO6knNRvVmXz7zyaL07At8YvBWzfLwZLSw9SjtqPVkIjjzBnqC8NLvLPEDfwTq0xDa9Fmy8vGSnG71ZTjc9Asd5vRktjDyfg8K9wgimvFOMxzwZaJS7NsmjvZPoRT3z93y9K1oEveCYjT2wSry80ZSvO8IuAD0zP2u8zGi3PCMerjxA5zs9F2VFvMdUiz0BNQA9D+VNvP30Tr2AuNQ7tGxCvXzLAr2k3lG7SoIYPUiKi7znJKK9xt+UPAo0ED0R/Ak8Z+VFvV44Zzu3fUC9ijSwu/lp3byb20C9924BvayfX70EFzi8cf6bvDwuirvD3LW7VWSHu9YHS7u35xe9myKMu4LNDD3Jg1I9vzVCPL0ygDyudJI8",
    "discovery or recon \u2014 enumerating shares, users, groups, domain, systems, or network": "+stfvMdveLx3b8a8I2fDPLZryD28usQ8CxM4PAu8C7yWIw69TjXdvK0FjzuZua48UJykvEuTpDzQMjU8IzoCPR8KzzwTSKK8hco9PfQJJrxWe746ASuxvPNHlrwLKr061D02uxx5kTsw1vQ8SfrhvEVEC73iwPg7X6WVPK2ZhjzPuA099QTMu1wHL7w6Zzi9UrAFvM1Z9DodXcC8zlAKvW6ThLuFNue8hA/+vK87Tjx4fkm7vyJoPdMK670VbY48NCcavSW53jyaaKa9yvh6PD3nzDvVeZi8Jt1SPHNp8jykFZY9VpA9vbQlrDy+z5S8KxY8u3vNvTxI+Ug9w9+mPHn+VLyX2z28Kvz8PE+wYj2dyB69/3civB1xkLx3mkW480+6vJuvbzzf9aE87E4Gvc80Jj00LE88EFQEPXk6LD0UShw8SkagPSDd2rwoGmg9HROnPNdISr1e3ae9YSsWvEYgRL2vo749Kn3+u4+rjL01Cxo96RWuPAORRz1cWRC9bhUoPbtUNbwXWhA8rcytuweELbye7Oi8L539vHr7S7yDFKa9nWWzuz3z9jqzsMI8f+InPINQiLxuyTG80cz3OzC0Obup2QA91QiuvD2Xiz1TJiU8BNEdvSuG6jxtVx697l4ePTrVbj0crNO85HpJPd5Y3rsSCUC9qbBVPCgd2zxOGiu9WIhwvfH+yDv1gwM9z3z5O4tzLLzTche8+hYSvY/ATTxyH3S8BO4EPazlhrt6YIc8K7puvcdTDjzMWSK9xo2VPdyMhrzOYK88n18AvWaYI70qe2o8kTozvXyGzbxNC648pZ1Cvct79rpSOmk9blnsPL7h47lDLUa5vh0dvKxlarwE+k+96RE0vbafDLx5nPO8++xKO65QV7zyoEg971O6PCJCwLuFfPO8L2QLvbSGIrzLX6+8MfGCvAHXmzxxRwY9237ZPLyKoTyySRu8kw2DvTZPNbtcg3g7o8wZvVnmF73sOOW8cvVCPWDGzrzXVBo9pMIXPJ7rqb19Sa+95TEEPWwyhDsjeyI7tJj6O0BbQD1Mgsg8iJy7vO4QmzvpHFg9th0KPT9XdT2Z8xu8+jEYvTbUazwR0b+7CBpKvbScVL1P4MS846tmu1sGrzxCkg49YN7fvD8/Kz2XPfM83RMvPO30/zwl0a68HnuLvJcwmDy9Mhm9lXKhvGeV4Dw01t48pMvPPTmmBj3N/B296WjFPEI/Bj2jRSQ8otxlvABFwDy01zu9ianaPD7KNT0kHES9+I+LvSapVj2vaeq87DHxO/rIgTszSwy8ONmIPTKxJT21elA8c78kvMZbZrz2A5y8a6ajvBV4kDspcje8YhKsPEuWLr3tMtw8JmJ8vXEdjj23z1C8sJOuPOtgHz2eYwy9L3YoPQ8W07zmary8wQ5oPMjK0b1U23G9ngq0PDmDMz0dVtq8oFGWPQdJb71g6wy8IW8LPSu3hDyRWIm9cqwkPQgTTLnKJe+8ZnJ4vXBpnrsIZLI8pckCvIB4Ar2TwBS8iw/1vBYCHD2rUgS9pNsQvbjGHj0CErQ89YacO8mzRD2KBuU8f96OPUJpxjw7Q1U7D1mPPZE6/DqZ+5s8RIsuvbehCb1FJuy7M9yGvHC0Tzvbnj+9o7h2PY7Svbyjo4S+kYzxvBlhDTpZQBK7eiWjO4NbrrwKoMc6g2h/vL7HVjxqlI87ZzAZva2z2Th28BQ9PkgVPVlrTT2SuKQ9fC2sPK/1Pb0oGBw7EbFNu3tkEjsIPFC9KXgEPaThGDwrkVi9VjcbPRj8ZL3Q4SA8tCFovaeBxzyFXQo9guI0vOd14rzMsHU8MGGmOlfwB73Krpg9S92yvBFHi7wyEo+85XzHOydfQL0kB069CRWqvMUZ3jw6Jhu8/zXZvGeCorxImIq8RaAfPXuZDL2Ac4W7+ZCguzh/tzuY2iu93o4fvb8tOrxk5AI9mRVMvYeSQjs3pjI9WTZmvWaDwjy5iiu97mMRO++9U70jHGW9vV5kvbibfT2aIl87MWYYvZjcfT1wQv280DOSveFzNb1kzpK8PCYQOigB3buNiQk8eiKfPIYM37zR7gQ9sOKBOi03cjywUeg8klkkvSNCgbweFT+9mbTGvCRlFzz17bg8xZolPB9g27vw6Dg88PiGPd0SVTqwhDY9c0lhPd5diT2yxwM9MjENPRZIbr3XHhC8w9M6veng5bxZ1xY9bQWWvBOSSby7bZk9DMmDuwdNSrxlZnM8hiMuvFHmib2NGk88E2kTvdWdWbxi7fQ8gvVNPbWMaDuFx5u8OC8qPKd3HT2n6dE8uk09vV4EW71WvUw7LT4LvSZpaj11F0a8Z8IGPVrDXLs1hWk7VdG8vHRkzzyowhS861vZvAHnA7zHygs8wmQmOj/4Nb27P588ZUNlvB0yDz1zkLc8TADwPFIflby0l2a8vAsOOxGeHzzL5Qi9xk/wvFjW/ju9QVi8l4V5O+X3vDxNt2k9T19pO8rUtbtSaBG9jnMRPUr1YL3b8Uy7H/+YvJTDhTu4KwE9foyUvcExobwSavu8Zpuau6swAD0WL+W7sZ8XuxXoRT2LN/C8YGf6PJ2z8bt6Pos7KtL8O/pkcj0c7lS5tqhsvHbfjrwFOO08GPqkPQ2RmTw1Rd67enuhPFsfeLuNbDo8kZGbOaPc+DzFFU67rFUxvDBe5TvSF4i9XL53PP6MOTwpHLY7YC2EvY2oHbsB6Ym8nE2yvEK9A70l3aE8uacqvXX9Sj0TIjq9jXVKvJOKFz01Cvu8Z/pyvahEr70flqe8O8e6PKQXr7xPxW68t+rUvPkBZrzAf9O78sK+PEz+orwAQI08KJanum6BNb1vLOY8IP61POxp37zbm+28sxaPvH7Eprs9LAG9nG1iO8XIRjxqD5e88+oJPYAP17yN7pW6rGr/u5dRBDsPiIA8YNokPVA1w7y/TBe9WAdEvLzAoDz9vwU8XQ4Mu2VlErtmsv08cGLqPGj+QryX1kC9pewCPB6jGz3xMtG8v/dHvHEFU73DNwC9ybFOvKUwGDz7n647gNq/POwUM7xQGyw9QCeAPGIoY7wY+ti88YHlPCmL5rxv9/A8IGEmvegiLbxRHLY90gbauQO0OLyUFss8xRs1O/2D+jxMb0O9PGGPvcvKlbx0nZO8FbeuPDK9CTyTxWy9BhLkO2H54jwybD29haz7PMo/A72nE848BJYTvGmvibrEHne8+wEXvaKPLT1EHsY85LlgOxnnnT0WBa28vhW3PEinoj0t9jO9AieqPHjlprwohTa7oQYuvVDxhrx8POU8HyUiPLg2p71Kyp49mTpiPYJ8Xr0BmHW9Ek/oPJSP1rr0mAA9IrGaPIFH2zxVgWw8ZdiFPau09LsfN7I9dgCsPSN1xTtZEkG8M9uyO+VohT1w1o89CqQqPahMprtl/Xc9VGxFvcxsm72W0jG95pwjPSNqC71g9qk9kD8fvDjaEz0OM+U8jzYoPagKVb25Vp08gyknu/ECsjztSTE9/1yxPDex9rqhg6k8w1CbvNrzq7xc8o67pz4JvZu5+ryXjQQ91t9tvAZPgLypQAU7fBOaPDh/sD3WOl29MRHuO7Xx3LxmWoc8e+SYu4G7/zyvaGg9S4U1PVeqgjyMWIu9/r9evKBi/jyLgJy8Cwaqu5oOEDwOTEs7ofKFvBaHXz2jZkw8TdBHvWkSWr316yQ8iq1fveR5ADw9Snw8wbwaPNq+X73eI4I7xkwevQ1MobqlE7E8raQyvUjcvjsjpBQ9d9wuPbdnZD28YZI8NzmgPBYaX71V6My7aavdOQVQjzyvHic9z5Y+vcjFL72GtdK93TgqPEEbZT0JSu+82MecvV7yGj3GkFq6x1OqPLwEWj2ahUU9paB4PHbpzjyq3I48MteZPCoseLxgVSc9cHIvvbYcEz22goI9fBALvDxGxrywOXM9RvgsvIiMKjweP968sNVQOf1ZE70FH5i98Le1u/bvCDy3duY5qwmRvMBdxTwaJVA53ioUPEmSG73BBg+92Eg/vDk/rbws8RO9BijRvfrerTxXouu8CAoKPU7pr7wb+bC8BXkIvDKgKDzL36g9ConMuLVhvzx1Nrs8",
    "persistence \u2014 run keys, autoruns, accessibility features, WMI subscriptions, startup items, new services": "Ogo9vU7Crbxsa+A8+LPQPMpKsj0aiDc94qJYPdeenzt7gRe9/cNCvV4FADyP7xI9dzgCvX+eGLxImoQ8YdQRPR+IJT32Jxs9ndvpPCBsubu/IY+89sMMPfg1ObsVNME8ABcYvaW2bjyI0F+6spr5u76lvr3IXeC8J7LsOzHs7ztOJi+8PMOoPHBDsTzIQC29AbL/vDp9lDty1rq8p7hfvQW557uzMX27+H39PJlhvDsAc6i8t/xsPIrdqr11oeK7+4dwvadY27z8rx+9FeyIPaGOKj0E9dY8B42XPNv/gbwRA3g9OIh0vQZzrLn4AeA8+Ahou4OVKTzuLZA8qLwEPLWtaLxfGj69eh69PACL0zy8JYW94HySPGBY47wEeia9LkhnO6erBb05AY88ilvFvdJVCz2t9Nc8I4bvPOVFfTyYAOu5JDLAPD/NVLtYwn09mjuXvItYAr30UFm8k+gcPJbkg71fvRQ9ayRGvPlPkL32oPA86lIYvIRzvbySLxm9l5y/u5BUCbxK+hs9WG/0PNgO7btfX3g7MLsdvWmklrxj8Gy9bQgIvOuJLb2jpe+7zzcvPeOcczwaWfC77PYKvKEUNzyZvNI8Q1ALvVYF+zxu3qs870j5vCOVbjwRYCW9DY4APXpxJj0rFOa8r8RiPduoFbyK7cU77S4EPeaMhbpLB/g8/QO0vTm8jzy3Enk6+yvAPDABxbxOEgM9qkgOPXxREDwhboo75dSAPVaV3zzT4C08ukMQvSRkzrt1l4e8mGkQPa6HrLyTdQO8PzbzvGNv9rzmJAE9Vo4CPRv8crz7OJM8ZLMgvX61ALs7hGc9ZxiPO3nvzDyK7K28MIUZPMIShbsNqME8EsLcvMBo/LxrXX+86taDPHbeXD2t7w69WL8vPU9bqbpA3UK9a4E4vcnUBT1Nyum8YFRAvYhCFz2tGKg9srYJPVV7vzxgQWK7Mfo7vY4RHLzZ80I8m6iNvLiuyjpHY1a8BwnLOzsV0Lzme029IDH7vDkNMr1MQ8q9KHkgPYkoeru1dZM83ai1vLFUWLs5LkY94D4mPCpzMD32g48905yGu7zFND13ZmK9GmMQvRdeNTzpJTA9A5covStmhr3AeQK9Xgl7velVibzkGI49fHwnPfX0jj18DRQ9P0YjPJv6DDxSP5W8JAebPEBBxrunnwK9jETHvONaHT2fJpK7ZotTPdx9zDxC4ZW9AqMRPWTiGzxiwGk9lQB7PNZMV7vBUF+9MPcCPR+vFT3r9CS8qNU8vUyLTT2BCS299en5OtUGuDxwxMm8K9cXPQMq8zxT4qq6JtCOuyEBYzus3jK9FHwxvcUmjzvzgYu7w78aPZcrJr1X72I8wAN/vRDMD70yN3g7Tbn/PMCpmD2OURC8RKqBPY4Hw7w36xy7D528Ow4jRb2ZEKi7gkQoPPBLo7yGERg8usFZvFV0j7y4/iC8R/XIupcHED25jK88bx0IPUboHbxV52q9FeZPvVfbxbxgfmU8h+3Qu4Ta8ryPODk8BxHJvAfy8DwRChq9NIRavRQUQT0D8pM8IqkiPLucCb1eW589hy6PPYKskD1fwGa74RspOm+XBbw37pc8dgPvPH0XA73lfk89EZkrOlw2rjycFEm948kVvMUXnb04qX6+60l3vIQ0Cr1sl969SP7qPDebEjzNyZS7vjp4vItdKr38x/w8BHC8PL3GArypYgo8kGLgPDQ4BbwmSYM9Aj4tPSYbfr3T+oO9tqbqvF9Tmbw+hHO9BHJgPXfZ0Lznk6G8LUl0PaOWZrxNPpA7jx4hveDeAby/A407W88yvYZtk7z2ias6J6o3O4XWxLzdcYY8AY7FvPq6/zzrhJa9ZSNLPew5BL3WUGy7s9+1PCb6VT2fPoG8OZmdOrTmKDuXZAa9qS+LPY/xXLzHl7G62JhHvbMsfTtG3PE8pnuBu0CH5Lxa9l48Zibwu8jWxzywFAc93ojIvM2j6Dw22+q8ZATyvM3xWL3K94G9mKvAvH+0lT3KumY9oiWOvAsEMj1MmA49rnOEvZOCZjx1Ezq8+C1FvFQsFDsrGrw7mqneOiLUU70pT9U8R6YuO4eNbTz9lA+9yWpXvTqxBD0GTFG9wViivPACaTwWmyY9cG2KvToNlTxSNTW77xCEPV2xCjwlXxw98CqTvI6LMTySjUs8GyShPVXM+LzQzYM87nRHPKZA/7riU5c8Qk8uvbB+K72MeZ09UbwkPcwkubzqHN080SdJvTPWtL1xxDi7Lil4vFFVCD303x49qcTwO3i/ZryapYa9GmpPPd8HPjs8rMA8Jyx5vauFND1KC868Edgdu2CEiTznA9G86Is1vWVLZL1Xp/08qBufPMyxYz0kymQ8yf+5uXb/Kb1jI+i8IBjevMd0NL3xTWC84S7fPH8m/Twricy7v9BRPK7W6DunmbU8H1IkPNKT5bxNXlI8Y8NNvUvOabxWriW98h1VvU0f+LzyG2Y9NXQrvHEooDyOAQS9pvgPPcMrVb2o1sy7wHP7PCk3rDwCiIQ9S+9ZvCRoTL3aOTO89M2uPBD8F7ssLyS8gsdUOg+JbLxSvMg6vH1Cvcv2GbzRk0E9uledPImvwzyWpwc9QP+XvMoMm7yy3pW8coFOPYx01bz4Bck8Pv3ovCs/3TwxpXy7zJBlPP9eSD262s46rm/uvAcId73YUYO9O3AJPWfGbz2np6O8aJ7svJUSm7wyHfu8G8ITvZ6PVj3flT09lhbrvHWfFj1I/Ca9i2YGu/1hATyaNYy87z9qvL0BJr2HIi+9NEVRvBUPM70x26q8IeqxvMkpoLonRCC8HqvYO74BvjvUBTW701uJPFq3o7v0SUo83v6Lu6H6ILwYGGC80hgQvD4xNT2xELG9aUEgPQujGj2tODG9rWijPGAsLb1o6xc9PoS8vLHDOj10uvG7x8O+PBIAqbzYumG9S5MSPGvTdzw1Xe68nsOzPMTyD70N/D498wB/uUP3hz3mZkc70jKdvLUqPTxQ47+8oFL8vOeJjLxJog69z2x6vcoSoDwgGyM9n2gXPNQNFz3EfAU9HldoO1U6mzpE7Sq91TCaPU5+Pr2nizY8v+FSvZ1rjLyWdwg9rpXxu1UFsrwoNEI9ifB0vPW6VT2DVDC9qtFsvd0cpDxRuYy9PdoxveK7izwaZmK9gW4HPRvNDjzFmeM6aFVlPP3zjTygqII8I0ydPN2wST1UYhG9h25tvWdUCD2unjO8YxB+vP3DJDzC/Ym74v+GPd3AeD1LAwW6sPrZO/qfvLzOsW283n6ivZ+nB72EDVY9FWMpPLLNm7xsfEE9anBBPQG4Qr2zjGk8dHMqPdriQL0E76U7/jtsPPyTs7uD/l69sqdoPSUhUzwNDwQ9P2KGPb9zjDw7vFQ9yhGqvILdIT0uMkU9GBRKPZ5+mDwbfR090sZivRrpJr2WHXC8PWYFPQsRD72rfIA81F29PLN+jz1u3Z08vKYLPURrP7xaGLk8Y/2uvLg3BTx5bjI8ar7su0e8DD3S+xE9sVNSvXpeLjvmpQE9Q9+YvYFigTz8ZwU9TGaQvDXzZDyQrqe82MMcPSi6rT3LXRk8AZ/nPKMqpDw1dfU6qxeePN7Roj2e5IC8bIqsPOKPMT3rBIW8ilCLuynh6jyk1aO7Kvo0u9iiJj3atnC6EUkfPGjH2TwEK5y9cH4kvaj6Br1FVbI7IoeYvDxge7tb7Ne88NCIO6YvT73xbp+8Wp2zvH73ADtdFRq9F84gvVrIWb12/To96gkfPZypyDw6S/u7LrALPQm2qLsQ83S99tADveKiFzyKwII9UIlFvDy7YryPNZy9q+WmPd1fHD35xvE85SWBvdHK6jzvwJ087fPqO/CTkj1+4Uc94dEPPQzSEjyX79o8qtQ+vJ/MPT2MsDQ9WDTCvML8Xz1QabM8LWWZPErHE718o/K7XPPavOGImrwDmxG88152vJNkRL3+TkS9A4HOvB37m7u2/ey7bwW3vKjClruzcwM9QKHSvGzvx7p2TBS9kHnJuh9GkryNTx288uZ5vWTmTLwRXPS84Y/3vDWFRrwPGfA8OuIKPfil3bvxyB09A7rgvLB7mDxqxUs7",
    "privilege escalation \u2014 token or UAC abuse, named-pipe impersonation, kernel/driver or exploit": "E7xgvOoZpLyzx9S83dSFPCCK+DzbRAs9YUF9PQIEYryBXK68SoGlvLRRGrwerUI84J8VvUCOqzx51To9kLlRPUV9AD3v6Am9AB4TPQDeeLyysye80r24PNOn0Tz//MO87DAXvcctND2cVVy8cpsQvdgrob00U8O7wtdAPeWUHjzmSIU8TRcZvbNERz3YZVW80qxwvYFifrw41QE9TGjKO9bVZjvCfPm8tl+auzmFDrsyuAa91JHTPMTZp73WO0G8czSBvEJ91ztr35e9H5IXPAeayLsjOgq9fk+pPSdx8LsqmcI8sACovfNBVj2Ca3y9CEApu2lI+zz2S1U9x4m+vBeoh7xNZXG8eJktPTHx1TxeN7C9SrqHvfGOEj3VuZa8yPwxveUIDb13cKg7+18QvRThaTrl7SI87fIKPamXmz03wzw8PqD1PAj3pTy5pjs9yZikOyAVAb2Q14y9KH43PcgAejxFa4U9NvnQuzwXC7xLiRs9jd4qvIxXRLzJ08G8wk/APAnGCryhHuQ82JssO6yw6ryOpPW8zDJquxiFSTyfV6y9Gu4MPWhmYb1cBHA8/+8WvUlVVryKCh06GpoUPGBRgDyX44Y8TQ2lvFJBkD3RzrI8FhloPPTx6TxeewW8XJFmPeEGeD3H6a47TApfPWGzYz03HFw8WrhLPGiPwjyIHb08AWlRvQzs5rzH4Vk97cPlPItsjjxOGfS79/qmPIlwCDsnJKQ71uAFPeqAgLxJ0tG7LGwivUyLpjyQbui8FBHyPCWLJbsF3wg9N/8wuZzadLqI1HA9S1ecPH/P+7uHOto8vW3VvH5KwTvFohw91qJOPeLjDrxCVoO9PVwbPOkNDbwwz5e7c/q8vAsu2jzWeS48JwNrPegLMz1JvBK8O5gBPUONnjyE5c28xJ8OvdBosDzjv5c75+K8vC8AJz2H93I9mPbRvIj0gD2qeqg8KNaDvb1hDj27thq8b2QnPTRghb1qG7e8DyBCPfhRE72HBWq8+gM5usmHmL1040W9nQpsPfYQJDygIh49b0bsOo3UFDy5Gli8zIixPIENMjwsgwI9tKMFPVrPcTz362O9AvWSvV9rUD03QBM8psFgvVYHgr0zCIU7sJ3AvUXPpDzPc2W8QkK3vNLlxTt+A4M8vBLvvPxGGb3h27o805X8vFHvtzxUWGu9pZ4eusluQj3455q8qKfPPYNoGj0mKqu8v3etPGfYbbywncc7ERFwvcbiyrxoIou9QOMgvZhiPLu6g4i8conuvAhQgT1JJ4i7etIROwjrrj1wdP+6Bk1oPdrBrDyZJ7G7bpUFPcDRTbzwrfm7DHdcvLq9q7w7p8S8ffC1PEgOwrxBQKa8veemvMku7btTUqe8/PeAvKZqkz16sWC86C9TPUWuLb2Zphu9viNZvE6tjL3Q3Gy8fcQcPKwLaD2R0go6d4NWvKDN0Lw1Pg29iGRPvMj6NDz/+b+8jAz4PJR6vDxv/CK9HexTvUbU/rxGYL88+zFtvdRUBrwH4CI8Hj8HvGX9+DzLfXC9QkxZvXY5b7wvKAA89i2EPFoX/7xhqTQ9fOdHPfZVerwpTew8XOnuPMAwEz0auUm8+286vO+IADvrin29m5LSvPr37rs2GyK9glbOvEDRar0b3H6+rrcePXTuCb2lFqe6PRx/PEgRRbxv7LI8aMRvujSbDb1dPmc8V2mJPHiQTDxut7E8UdTBu4vbTLyO6Q49hFbGPAHrvr1gyZq80C34vIvoCzzHyiq9TUShPIm3kDwZ5f08oZilO5a9Vr1QU+08iNAsvZjDCr3F5p46CDe3OwDFgbx2K2E7RgRMvasWyrxhGk08NyYSvJ1jpbyMlgy9Cqq2PJ/vpr0YzCw8OxOzPM2o6Tw+z9K8gExGvShGgr0RYZ87UtYNPXHOgb3P4BY7XoSfvLwlnbuF7ZK8nwKNPBT3Ob1Pj6c80dPWvFX2OD3rwOk8v+8cvesinjzodeW8edNTvDpr+LxnPwO91eeTvdATiT0H6cs7SYbtOuWflj39j4e8BwK0veZwCrwjgRK92A0pvTFv9Dpx6mk88HVrPfM3xrwJHuU7goriuymhkby6Nku71DgavVrwgDy4M+U8gmVvvKJjTTsYRoI9U6VtPIgT1rzjiGA8FR+fPZtIGTvRKeg8T4ecPElbrbso0688oHDBO2afb72D1oO7nr7FvYEswLoE/wE95fwgva6vgTxkEDo9jXrHPCpUVrzIBoS8jBwBPeHOgL3ZddK86zx7PCD/TTy23NY8nHMlPb4sw7yu9k69DavTPGJK8LvaZwM8ldo8vebWtjukhL888NjsPDCK8Dw387q8tG2xO+qkCTzeaMW7hVLNO9kruTxuzbI84b6IO98CdL141TS8zLd0PfYlKr2kVf88p9CIPOUdert9Hy492N+kPIKGBT2QuBW9GqkmPDHxgDxw6AQ9pf2JvYDJ6DybKHm95ZepPMuHgzy6WMI8r9WkvOxmIDx/mHa9UUkLPZcfOL021p48WwuKvOwcWTy7/dc8HAozvYo4oLzLrK+7N6FGO3YlgzsELQY9+wm4vEz68TylYtU8PCOcO/B5bb20Oo87PTqoOyk8k7wNy4s7cGgWPaevIjwfNjc8XtWgPcWnD70BHNQ80EaXuaW4S7uZg788LuXovMYfzjyKSNM8CNQoPTgV7rzHeD+9itGVO8sWdT3uAYQ8jno7veeSxDzUkwM98siWPHoOK7woux89gHBuvM4YFT1XAFc81xiZvAXVNz3F08W80QcpvXmlxryr9g67j+ssvKDDwLx56vy8rZIUPDWNHr0sFNi8bge2PD6X9ruRVYw91Io4Owv/Ib2il188jYGNvLjRb72rLoQ9xD7bO5of8zzcPKm8c9VfPVqbvDwZzy28h3tevNgy47xLmbk78nWYvU866Tz79q87SzaFPNEwzLwG2C69GdIJvDaxCz2PUSy96ZaeOyTC8zqy+vI7HxeLPHVYJz121ci8kX9NOgaG9DwMzsW9U0mYO2CqcrxBRD47GVhFO6SXDj2GG788aokePDY/Hz1drhc9WJzWOlkqJT38JA698aMgPL5LN7yQHNe8NbF7vSAZuDsFBxq84ClVvWDQ2LwwTGk8Uz8evXI3O7zMRAi9aZgkvVQ2PTxSb/g6ZyCXvBU2WTySkXi9HASkPA3g9LvxMVC8gbkJvFYrFr2mJIg9sl7kPD0jMj1ZlNq8IlJdvc5Lhj3QGbo8PZwhva528zsP+068t/ztO0zERz3F5K+6Ll/fPH6lSTrfy/O8XIGSvWe0urwoQqS6IIYavYRNZL3tc3I9O1yAO7m+nrxawLK8MAxsPFiwv7zU3Ju9p3fxvFPltzx4CJe5cAZrPewv+zwIDyA94iMhPS4qPz3QLRs8fjaDOxaFgD1Qi349TWYPu7c3ADlZ2109EdMUvJL6NL2BRcI8dx2ovE37AL3lEpg7Vp0zOx0ZZT3G4QK8yLmhPcxtAL3RrSI92Z9wPBbZojy8FFW73GZuPZIZDT3Rt3S7qIftvPYwcb0hZQY97WVKvRwjUbkuWt67rZqJvGizszxda8A8Qr70ur3Yqj1o8Ka8f8SKu5AjCz26Wz49g60jPfZ39jyZZ+m7nX++PGz4pjxGOU29FImcu1mShT0uRnE8CSiIPcOPiDwT5Qq9+NuqOjULST09Wi49v5FEvSbey73MCrK8N1V3uyWfE73vBze9X473O+n8gr0esuu8wEyXvOrJf7x81GW8xuWKvGlmtrwbVDy87U0EPcd3mTzJSjI8sU3iPFJ5KbtCBws8EzA0PJwbXjue7Q89QlFgvTqumb2Pv+e9feBAPVmUPT1t4g896YVpvfVZJj28SS690R+evFOuyT1TF7Y8isuaPPkULj2VkRq9lRsLvax1zbkTjV09Ep/gPHxzlj3lmgw9E05ovI+lhzwzs4I7TWV8vGJypTy7rZ+8iOU+PZkkpLzLn9O9YW9WPUnHOrwgdTc8MQEuvU7Ilzwv5pO89sDbu2h8GDsOe8W61tHyu4S1cLxAfhi9VG4Pvdwx9jsUbvO8XdudPMVXnztBQh48cB29vDNEyLzUSjY9U6KvPH3iT72dDO48",
    "remote execution or movement \u2014 DCOM/WMI/PsExec, RDP, PowerShell Remoting, admin shares, pass-the-hash": "9f/uOxVhIjxXaGy8pS7JPJgnrD31FWQ8CnEYPYd6oLvwwFU82RZPvaSC8rsi2AE9RoZUvfDO/7u300Y8D+N2Pa5HGD2Ri2S9CwlVPQMzpDxj/D69NXnLPLOBJDzKvIO7vw2CvcYuJj3gIus7KQcTvRJmvr06MQ69vRCFPO08Nrw9cM88lZqUPHx99zwy9xI8r4WFuxaNDToSP668jgo8vVF30Dt2aQk8C9j0O88tBTwmbkw8ewCSPJM4jb0/dq08LMP7vCc2ubuXCKy9WXRUPcFSyLv7dSa8P++JPdJmIb0FeFo8EQ+CvT4kED2k32q7JsmivCxZxDwYa4W8KZM1O8cLvzwV43m9+9MRPXmWTD0X+oe9zphQvWCdEr2qUM87kMjwu2FuGL3d8VE9sah1vYhrNj02Q3A7biAbPWo6Sz0Pv1s7drfOPI6yULzWn0s9bHhaPTGiEb24rji9A10XPaDJDb1XXYs9pVi6vATNWLyry/Y7iPU6u1NQjTyh+rG8qmvUu7O2sjzQhRo9ctqtu0L6M713Mgy7ESkeveJlzryJyA29bnhdvKDIEb3i40y869DLPFh5ujzruI+8DChrOs23rjzttlm7fLMLvVWOtT0JzGM8okx4vINOgTzEOQu9XQq7PPNbgz2RimO9ZJSePf+JjD0kYB275d8XPZbqtTyaIIm83ymBvV+vNj0unpY9kSRJPQ9pvbwfTCm8bgQUvHOJuDufs7W8UD6bPIYhpjtHIRC8kwEjPCicPD0SPDa8oLyXOudAhLxGF5s8I3fQvOfZTrwxETc9ZTWEvEJa9rxdXTw9QIkpvdJ7Fb3KpkU9lAAaPSYcCzuUExG95PoLvZ0fnTo/3Ga7hq5mvB+VkLxI8/28WW7UO7bwRT1bX4K8Uh8dPUr6qjyfQtG8FU4zvBr6mjx3om88z0cKvbPu2Tvop5w8b1FLuX86MT1jyKu8lJB0vbV8Hz11ADK9PSIfvElFBL0eGjG7EhCNPWubPr03Eo28FwfYuZ8ssL1lCqq9su8ZPFwy/bwnWLM8dCcDvRfW87xdBqg73+xBPQxZ5zy83NI85HsAuJxxpT3zWZO93v2GvW6HnjxZdGo9WyGMvIXcn7ytS5K7uEaFvXtqPTxiOwo95doWuXsQMj1jR2Q9Y/otvWAcwLwFzFM7zRfTu3sFtTy484S78z84vc1X2T113LW86vWcPbL0lj34eiG9uJwrPOX7mzx5iiy5BkIhvSBnELxmKTm9oNCJvDTukz0wCga9t1GovflszTxzr668hU4bPHCiijz9ZxI9FEABPfJ/Az00uTa7ih+AvKuUFb0E2hc9g7/sPDusy7xXxza8WQN+PaZYPL0ZTVc9RoA6vdky97wFhvG804esOiMI5jwiYiw8Sx0kPQ2r2DxoeLu8YJJJPPiJv70aYjS9nUV7PZst2TwYfLQ8yU6iPNFXCL3Gz2862QuFvFyjeDw38G290HkFPFUoXzwXABS97HSZvYJugjsZfrO8AUmfvPwLAD3mbas8+UUpO+oAYzx1LJC9Qp6UvZ/m9jxow7Q8k42VvFhHI72rV4Q9fNAOPWFgBDsZ0KI8LPaOPO6dvTwXqqq7EootPTBFvjyV7xu83e1hvOIxCbwPpKG9rKayO50egL3zWXq+RIWSPCo0MrzA2xm9Ng3+PBJKKDt70EM9wLjRvIjtTLzjfpY8aa+oPBcTqbs6Y4k8KZx/O6rx2rzmHlc9b8LZPOcUyb0UjgM995dSvVcBdzzF5Rq9m8ZePcbFOb2zgHk7DId+PeUhXr0Qqxg96pbpvJ62aby2sts7hf6jOjEbk70Ehfg8YO0qOz7jFzyVLGk96XP6O5e+qjwfjJq9DBisPOySqbz3LTO8+MEJvWJXJT29nyE8HvbSPPocEb1vLdA6AjmEPXwoK7zYMSg8fT4zPSwsnryRLIE8skU3vUwcZr2G4O08z9cEvdiflD3Lrz89AWUcvfsRLrwirkS9MpXeu61Uh7yQtyG9uamRvesqtD0B/7o7THgvvU21Fj1xBuW7/oGMvQJjKrxP8po8T80LvXUeA71hhRU9ugooPLtVT7wwCjM8QW5QvMryeDv8Ra+8Pw4Du90Wq7ytPSm9DtrZuiOivTwMMIQ9uwHTvPkMhrxKkYS7oN6RPZOCCjwVoEs9t+jnO5w4XzwHy1q8vWYbPdzURL338ek7cndvvUzQmTzwDg+8j/nTvD98Ez0Cbyg9el/nPH/xmDtCwmg8NlhHO6Caq71c05U7knY8vPAWnrthl/k8XFUCPbClHr3vZa28pnpQuZJEBT1kMWU8Swuovcav5jzeSwY9V085Pd6Giz0xhJ286aR7PBhLFLwOPz89FKTdPGGoVDw1/aE7WG/JvH7pJ7yoEKO7AxAuPAz1h70jPRW69d31vJefVz1UaRA8RNaWPBKpab3jlRg8a/wJPFiJr7w8qaY8Ai17veF7cjx82sm861lcOz+2PjkIhJQ8msrnvMRiGz1dRgC9IG2HPBxTUL3O3+e8Gbz5PNEcG7yK+gs9EOMOvW/kJLzPnvC8NZECvEgjxrs9kt46+okRvSZefDunhlU8w4k0PWFeML2lTNg8xttvPPBrLz0SQ5A9qz1uvYw2Jzt0qLQ85KZ/PQoHZb24KwY9DrjuvM1D3TyoSUs9DFbyvDteJD0NaP27UL4GPUSc1bu6dkm9tdNIPYBCbj3CHyG8kx6kvJDjC73BbCO8YlzDPBtVNbzHFYg8ta2puwPKyrpcsKM7tewAvIEjEzwQx4S89zwkvLA9Jr26EQo8wy3Ou673Rr1gXV288GIjvdUYO72C32W8OD83PHotkLxkfjM8/zUhO844E72/s4c7nG3avMMRDr26CUM8EiL9O16NFbxx08+8PaMwPQDC/LvBM4O8h2OdvAKdLrzDdaw8tki1vRvCHTwySI887lKGPFaE4DsKq0y9W2OmuzdWeDvwGH28jp0rvXZzyzo71VU93iGBPNZy+TxhTMu8r9L9vNlzqTy6WXi9RR7FvINzn7yMPGO8yIyDvM7NqzzPSoC8OVF4vNuoqbsvsAg9iHmKPBmviz0zTwq9vHqqPEN5K7185ZG8GYxIvaITozx1Uw09CZsTvQzSAr1RmlA9x7g0O3XoYTwub0y9T9c1vcT/Gj26eh28GtQ3vbTOXjsU12m9hLGQPOn6aLwfVka8qXTYPIRkDb2ypIM7N2fiPIe9xjx/+Hy9haMZvaJKmTuqiZ+8sGm5veYOJD2rqpG8IjuRvNDzMT3qa0+6ENhoPP9737zZIoo6cxQgva5d7ryKFPU7b0cwvUA2Ar3/Oo49VRvvOy3vA71i01+9huyUPMSWg7uZ78C8VuuCPPLo1DzYQFU8Fpw7PcoOcbz68qg9buufPchiP7wg4B48tc2eujpzBj1JYnY9MC4OPWeHmboBi8M8oilcvAdUK73jOni8822gPJ2thbxsExE7a9w0PC54yT01TS29W1scPX1gCr3bv1m8sRy1PAFQID3JKh68BxXhut44Dz3oYD27/F9lvLNBvLsshjM95rYHvaNmezxnfdA8t5zOvIDvFjw+RtC8oqCyvCZ3gT0FHNG83p+uO6gSqDyI3Ec9BzGVvOXrzTvaIpY84HAVPXM3Jj2vkE+98KUgvHiDhT2lXgO8KgclPSoP9zyrNOI8nUVwu6dr4jwtfQO9c8O/vMaek72Dw7i89GEoPKjtmLsMAmA8I5S3PLHh87xiWaa8Ur8tvcw1YrzLi+w7BnqMPOJfILxf0a6776CPPPQs8zxSIiY9banJPAmQCr1hMxW9VakYvTIrtzx5iH09cR+4vCr4h721ao69zJUNPWSjKD3Klzs9EMOFvU/cgzwI4Ba9YE/cO8drWj0wmKe7lUVQPWg/VzwJgJ28wrWnvEBrYTxKTwE9OeEevSiH9zxJlYU9X4ELvNd10Lyaoi09ZXuKPG+gKrygORw9XBcgOz7+Dr2bToe9Ct3OvLuKoDzMUa88RTFXvXQLxjwIQIw8te0mvPBJk7yesZW8YhVlu2myJL21lD+9uc8dvPyL4Dym9IO91BDEvIzpQjzyaao8T1zcPPmcTz3tsu08cncKvZuUYbuoVKY8",
    "routine operational activity or ordinary homelab noise with no attack technique \u2014 normal logons, service starts, updates, scheduled maintenance, benign administration": "5YevPJ8OmjxRAYa7sn9WvMkQOT06aea7h9k/PXEneTyURDO9LzM2vQW6RLwRIiM8bgivvfH/nLwTgw+8AhtSPWQfez2vqjG88tSbPd+fAL0M48G7ixzIPA+trDtJCQg89vqTvFEbirz447U5PG+5OpbGlb3oxru7jsMjPXn3Pbvg+vo8uk6kvL8+Wz25Zkc9CCfSvDxujDvHM5C8lXKFPEXAsrwGyIW8Xwzpulz/nbz6LhG9A6acPF73hr0d0fk7YYkZOjyxNjvgqYq9HSwDPRnTUD3u3TW8wnUEPTCqsjzSzr86tIiEvTykEjwDpQK6F3acPPV977w2Y5I7WNEcOxTSHj03VkG8WZqUPe0dCz19NCW9+f/YPMfcSbxITSA9UQ+0vCGLo72pIW+8XKhXvV+9JT2lmC29An0YPbrORD3tdbM9wco8vL6/pTrGfwc9rA0IuxHip7zF/C+9cG7xPBTP1Ly1nxc9MEANPOhho7wp64c9uZE4O3BKLL199ia6hfrHO/IlYrudXa88ImVXuzIxOju5HBM9W2GuvAhXzLvf/5u9ugkAvc4S/ruiaje9bh6YvP5znDyt05C7ETe9vF4dXz0Slt68VnVLvSTRmj21TSO9+MkPvYypuTqe0Sa9mA7CO9XUiT0B3lu96mU5PWDVuDzOfiG9eHkjPTtcuTzuSos7G70dvSxtkrsosW89xRwmPaoObToORjM9VqbVPE1rSj0KR6A8qJQXPTURrTyptrA8OC2SvDg2UTwhAT28azkyPZrsl73kT5I7i0YPvejaFL3mAKo8KQjsvC7LMLxf94y4zUOrvRQ3zTxj46o8ZnQhPXHku7uhBQO8gJZ8vR0DfLyCI3w9FjCBvTmx8DzUVXS8TCPSPLjxuzvgT028hA0OPdcfuDzN0Te9bSEvvYG6Bj0Lk4Q8zURPvQiVgT0Pqpc9jMZFvN9BUj1uRP08FGqHvZ+ERjwYleW5pBxdPN7mXbtz6aG8BBS/PP2PQL2atvY8cR40u77Vl73c/kS9RIaUPTr8zzwSsYU8DPSvPCdbdbwENu48r2UqPIU3gj152lE93Kc8PfZrOj0OKVW9SytrvWqZDT04bRW9+fpwvV3hGr1iLBC9Re1VvR4oLb3zqx49T/QyPFcv0zzDyBE77VqCPBleR713yXG7PjdLvIoYxrsgVja9jflUvLvuRT0pAbO8A0s/PRSYoj3f9U29ch8EPUx7ijwnnkG8kyVGvWw4/Lydh4s8UjO+PCxplj2plgk9vpRhvch1GD29y+i7cu3dO3IhFT1hX0k7TryAPRTeGz3AlS46VZssPFq7nbwCmj68tgWEvDj1/js37xW8VGJ8PWewGL1snt47T5mKvR8MWjttcIo6VJsqvLqiKj3hMj+9RSlBPSK/gTxSHF47mpWzPPyOtb1UNtY8yUHjOwTWnLvERIG9kxrNvGYmrLxsbqk70tNLPdLQazxRCx29qptYPa1igDyG9W294qWZvAbN9LtSVyA99Ixku3/msLwajxu80lqGvbTnpLvXXCm95n+jvdsmmTyqG5+8Ijw2vQv/8juYBr88yzu/PMv+tDw7SCm7btf3POufjLt4WAO7xZaDPRbxzbv+zm+7J7okvZSn6rxEKkq9XpJBPFZlm72dMYC+klRcPGrPJT3PDyq92OiiPNtEADxr/s48qnvpu+UJX71lqgM9scV3u6lfEbyb0II9vC8WPa1MZTtG7Dg8MengPKiQT70f8C09zXMsvS9ANjxpbd08gSf0PJgBwLy743+8Bw4ZPTQWZLxs1O08FUZbvaSKzzx+Opg8YsKivJVvsb3hMcg8oPUJvFtGgTwC3ys93osGPHMwHD0qabK8S7NKPYXqBrwy5K88PmtdPNPP9Tw2GK48DJgHvRN3JL18oao7ezo3PcxzUr3XJxw8iDvAukhDFrzACGq9rfW8vIwEvrwyDEQ9E+AnPMJg0LyuqqY8ho5svEYhUL08NWK94Zw6vLpiXbzLrJG89q+RvdQXjT2WZC498E/IvIkkLj08aTo89uuavT0+L7zNuLu8F0dgveQIzzzdDa88b1DVO+E/7bpyAVG8bnsROz81Cj3Fcxi81DkBvS4Gqjygsck7sijBvOYXo7yx3pE8vrAquFEybrweaT89cN04PbahnDv6u6w7+iGuu21qAj1zbTy8wi8MPawywzqlgY08OOpivXNa9zpd4x09mPLyvC9tRbzXKDQ9DfGFPIQdITr1mzi7d9qTPMl9bL0AwoU91TtwvKWgCT2Nprs8t9oBPW9Etbyuple9nTMYPNVR2Dw99qM882SFvewBUzttmw08UUWoPNI/LD3BUe68grZ0PJtSnbyfFSw9BV/9PN/YPz3sNqY8q/XjvBrY/rsnRnu8HhTlPGS8Er0LawM8eB6aOw39jD1Pwa47zEMfPWLRUToi3GS9n9GAPYAG1rwGfMM8MYtfvVwx7rwfQEO9LAWAPKP3AT12DGc9qraKvEhgsb2L0pa8gRBevMtfVr1x2mO8cLwju6t8mjx7p5M9++5EvfFPgL1O+hM8sNvevKFGC70h2K27rUGQvO+6IjxmVks9+7JkPDaamzznnQM9c6o5PTCETD2VSoA9KlYHvHRAV72pQr67iL+gPX3FkbzWtaQ8ZcVsvQBfCz2LlSU95IOku2L4ODwcLZk8reGIvHnzIrsT0oy9zGgdPRR6dz0Mc7Y7UvmSvdTfMDwAJAK9CJjlvG5eYrwKwYU8UlQNvSPDWz2tXpI8kJtTu5UM5jzQiFC95WwnvZu/cb2RfXW93XCVu7IwML2DV9W9+1nNumA5v7z+Sr28pYUqva+dwDzXLkA8dXbZu8yBB71F4RC8nlvsurttlDpKCqc7NB47vMOn/DxeQv28jwLGPEJxqry6V5i8XikvPfwhCb0R8rq6CJwkvakYDD3FAda82mpTPUF4D7yDDUm9a0OCvJtbjjuY74A8dRxDPX0thjxKov08XAHxvJtgoDzYa0e9/ZX9vPIrujwi9NW9OJdQvCHSOLyR9tc66T0LvS0vOrxWgjC80v1CPWjXDrwpSBk9ZXozPTkuyLzk5pK8if3PPLcgX73CbPm6eYIYvVY52zz8Pok9dRJavIMqEb3lJhQ9YRYOPONbtrxfyWS8YBLPvC1tezyC7Ag7ivGDvCkZHbunIU69kRbGOiBpMzwonwW80Rx9PUOI8DztVyc9DNzBPGhFBD0Ur4C9mpDyuxALzDyixkU8aDUhvSd2YTzI9MW8TWMxPZntsjy3QPI7m6kRPQ/LYjtNjVK8Lpb8vDIVqbzYC7e8ZFx9vBjcHrx88IM94yv3PECCHb2HVUe9oyDBueRtvrynrUS9lAObOzTYAbwrAAG93Kb6PITI0zw6MAE9D92TPdUHD7vKbAE86jk2PUzdiDwC8rk9ebdIOA0tkLxZgWQ9nqZIvZArEr0SUq+8gVUwvKbAtb2W1BO8UIccu9v+zzyrKzw91SBdPe6aHb3aZtk8GXlfPau79Tytu3Q8bOjhu3jWgbxV/g49QCRbPIIWWLy7PvS7uyZMvfrrjru2E+48+dG7vGWxa7x5N1a747iSvPnSRj0Whye8ozusvFopiry7+uM8XKhNvFM3Fjxh6hU8FO7tPKzVEj0XA0e9KTFPvH47wzte7Yo8d5gCPZeVHz39CC28Cu+KPKMnhzshALk8F4sxvYyFTb3fMY28YYPNvLtVqrxrRC69Z38gPM6TFr0WdN+7w7JAvfowA7zEOn275QQIvSQtVr0T8GS7VtcUPOGUazpWYDm8TKlBPZeGj7vhiD+9w1ROuzeYPrwLstI8VbDevGtE1rx7s6q90MLHPNBjnzxERVA9OqORvZ4hZT2G3oE6B4B+PFZfRD1Zvfy8JNE7vCFpaDyopWq7BoAjOywyfj3rBli7AFPyvNJsKD3jQIc9tw3gPG/097yrTow9M0TvvLYghrydxQE51KwEvSOLNr3Ejqa97jBIPDY1Bz31D527f7EMvWMATz0E2t66J8BXvIvg17wwI3A8RYgcvVsdSrtWG229oA+hvEHuZL3rxju8GBSBO4xjST3t25O8PJbWurQMJrzUt4Q6qs3YPNTI2Tz4XKs8",
    "the technique targets credentials \u2014 LSASS, NTDS/DCSync, SAM, Kerberos tickets, cached secrets": "B566u1CsNjvHBvC7fWwkPfaBwD0s54Y6Fm+JPEgWuLzfUZy8wpcfvT1w7ztZ+l88QSoYvVeXkDz3h5Q80QrUPD/AE7vY6FW9BLCsPRwqAj3ct/G8a70ePQExHDxCapQ7VaEcve9vrTwK1tu8Tb0GvU1vFr3Cyww9CqMbPes8B72lMpa8EMP0vI5s4jxmFHw8nhRPvPMHyTw6Fx88fTwsOzE1szs6GTg7CleJPCPIzbuFmBa9SHo1PIU2Sr2hRAA8n6avOsneCr31cTG9ee4Lu8XU4Lxyw8e6RLGFPaB3d7yL6jE8+Kp2vQYmnrscNFi7+HoOvQAv97tMriK8pND4PC+pqTwbcs68NKJ9PaWTCT1e15e9o8zlvK73Zj0mF6s8WbeRPK00G71UDfa8Rge+vJxHCz3s2nm8Iz9QPZKrqDwTKQq9+xYKPYZtoLw6ZR09ts8CvW7sab0CDZ+9krZXPVf1z7y2PlM9r652vHp2E7y9mUo91F+MPI+Es7tuiCq9UNKiO3DgMDv9SC09iLV3vJIgTTyZt0g8V0kQvRFAzrxdXoC9FkvOu4mNV71eUCU8KSQHunxSFb2urMG5RfkmvY+6gbvBOc667KpyvXWFPz0oG/a8Uq8GvQfHGDzEzLu8s05nPcHatz3y9Iy9EF8YPQcXMD11Dks6buQXPeZNsTzAze88vwQRvfgzkLt/j2A9zj8YPNQI27ve1/i79K6DPDAep7pYJqs8keilPK0MPjysNTk91/NFvInvyLvvTGK8ixD2PFIVoDsc0Fc9fw69O0Jrwbq0x2o9GNQpPOpwA7ygVWO8YJlavQm2G7wzihA9ulKFPfqWCj3fvAa96cD5vKIMbjwkQ4i8BLYrvWFl4zwMJ+e7jlHNO8KgazuNGtO630l9PfGw2Tyg5i+9+gmEvHXS+Dwlu4U7+TXRu14HMD2rLEM9klGyPLXUAD0smeW7YnAFvXF2Az0Rqsc7XKE+vSDro7zSXou7JUmZPZpKeDsWSag8PuBiPNjH1L1MaIS9J59yPfg1dLyDiKU8tpLaPJxtXD3zhX08L+qNvPx2Bz3hnzY9zP+SOuNnozzo55K91TpZvdmMUT0mxgg73F12vbJDGr1mByW9GBUdvW6QvLxbcyk8omTXPInAUz3YAVw8PN/vvEjbAbzEF7E7JAtcvGU1IT22aMg7ws2IvJz8gz0xuXS8o0+LPSlnTj0jcQK9u5UZPR+Orbt+GDG89RSpven3H7kN9Jq9dnW5vDR+EzxWUie804SXvZ76JT3kUse83EuVOz75Az1YIk089+gYPWA5AT2ycRG7HnciPKddGryz/po8CgTDu0Fp0bzqpr87rIKOPGRxL70YHOI8IQ4CvU4wCL2Ue4s7AHz5vES6Ij1V4be8hSDiPFDd0Lysntg8pUmZOWXYnb3m6Ys8xEL+PCwahz1a46S7pW2lPDvEi7zJF9Y8v2vBvKqZ0jzxr6e8wIoNPThmNTzwrL68K04iveQSvLxk8gw9DowBvUXCtruEkI+80d2lvNTnvTuXtIC9cIVTvR7SKrxsE7s8XBeZu16s5ruaqDU9pcLrPGnsdbl50jK8Hoy6PKFO4Txgpto665BwPAg8qzy7PZS8Ol43uwy3Mrt5X469lV05vHEiDr1V5pi+HTCGPSlTazzjd9e8F4FOPc86t7x48Qw9oIPzvIUyg73cq9a86WEUPUHOHLvrkLs8Kh8DvEmSVr2+j2I95Z0yPDv1mr0QzCY9NrxmvGq33TsFEF299ZJLPbCwnTsgqEq97AwLPVLQVr2j6WM7n1w8vRJ3DLxkTKs8kpyxPBkvJL1dLk09DuQavQ0NF72LL3k95zq3vMuJ6rt+3BK9VJ1jvK8VNr02VF68k0Eau8oyVj2ZQ/88WwtTvH1ncb2Msl49AwFVPSl9P70+VG66oCUyvZ4Skbu5DLG9GS31vACdyTzLxRM830YXvbqrNz2XGWk9q75NvOGAAD2Lel29OquQvGWyzLz2kWu9XkyRvR5RLT1lfW48keKfO8lLhT1EKQ+99CeBvTXapDyn9yy8GXJOvTqf7rxrLqY8orwjPQ0EErxAST89Z3KsugnTOTykIfg8E6pIvZe/qbp8d3q7WwpjvFkjKL3jw4A9VRuAPCigz7rLgaw863GXPfZOxTyjHxQ8yGyVPd5HLzzxF/C84YolPWeaX7o8J/08wH6DvX4Wjjt+l8m7q2QrPChoPTwb/hk9MGohuyCxpbwkhzU8y+SQvBIhM70DyRK9SI4ZPNYuMz10fHc8PRqGunu3y7z/Fku94tezPD/hljxgVtM8w5wivacTHb362xm9U/YmPbpadz0Rfqa7udl3PCbHcby0yRs9mKqvvPNHST0Gbr88kAJrPAVHLb06/no8GKJ8PUzsK72Ryk88ujFVujzyVD3qyDw873Q0PLSH0Dz9/XC9J/HbPPp127uaBlA8OPAivW39HTzIjYW97hI2PZ+MVz1nbog8pn7POzmgkzvJrOi8+0gWPCHG97xU9+s7EdrZOwBUMDwaIG49axN1vQO+RL0Q3IK894AdPaK3Cb3z1iw8OXoSvPgPaTsf9x880ZsHPNHLF7yUghw9/3fOvK9LCLyJ6Q+8XooIvUrjFL2Hj9K7Nt/zPMggurqVk2O9VVKavPr96bsYUIy7KQk6PKzDZbs2b168s2yUPDoV/DobR3S9XYpNPcITgj1pwmQ7flJtu1UAwTxUZYI8+kkQPZhNBb1K04W8WiZGvAf/ADtrsBY9XloGPFo+LDwltou8K60AvcgbGb24vIo8VG8jPLpgVL0DaM68+X6UOdtMKL2Cm8w8TEoyPXBwJTxdxis8omeZu/XkDjsqT967Ht5dPMHJyry1/ze7mWnxu2ymfTzvDRO9b5UYPfxrRjusD+a8tm8JPcIHWL04Eu65T5UKvcEFKj3GKdG8txEKPaBRv7vhc/K8edXuvDN8ojth8M68iCxmPECRGrsD7qa7ML+Rurhtmz1GyWw70bv6uz+TgD1Yz0C9XX0avVSSjL2xSSC8cmuzvNzUELq/aqc8smuSPYu/qDyS7oY8hW2WPDwlbLxBynW87ED0PG80Cb3WC5u8siaAvEda9DxXVQI900tjvXdxNr0ICYg99mAIvVDotbnBOPG8fQHUvM1ibTyO4R29mQhEvag8C71RP7W9QsvOO5B4/brW14M8G5OOPC3Xhr1FGJg83PXCO6fvOj0rnZG9yfVevbQTiTz2Vp677hcbvTZ8VLy9n3c6NnO4PJLDTj1Exn+8n6aZPPU6Rjw7nK68vznBvYE+KTxX1668jikWvTio97zlKlc9SM/bPE4aZr0gfJe9RjaKPLxVmLtp2Ba9Biu7vKitKD360NE7TcpcPXRbojtwJBw9cWxJPWB9FT3tBCa8dtpFPKXQ0zxanos9GXzDPBFKEj117S49irTbvJFfbrzdLws7QzUoPCdDRzxtOCa7EHGXPDPf0DzMY3s9hjuCPSuhsbw2rZ08pfvCPBbXkz0SajA8TUk5vLePirxnsfG8J6kMvUCGabv50LQ9z7YzvVAQcbyUDIW8gT2rvUyRTTzJfGu8+9yeu0UIRz0cANO7ilvWu1YqEjwZnZ87RuNnu3k0dj0uWNq8i52DPCAMfroiDzy9VDH8vJVptTzA2y28lC4cPV/i/zxgJly8VocKvODNyTzBZm68bN8TvS8Ll71Hmcy7W1MkPBpAbb2C1/68o/cSPdNNWb1sqwI9nmlPvQ16qrlHsgU867WwO6R4QbzJf4+8OMfjPFH+uzzWEGA8DlEaPcx28jwIaG+8jfqqO5MLlrzHN1g9ZYdrvN0lo7wAcY29qY+fPJrlPz1Pbwg9m85XvcCMVTsOVK68ni/Cu+7yyz2Yymi7Y/vEPFoQgz058xO95OCxOx1jRD3pUkM92s9bvNDzMT0MEIk9CGXMPDMWBb2Udlo9UtYUvcEWkLwWea48Tf/6PMo7Q71KMJ69gl/IvEtMGD1We4476QRfvXE4ND3I+hq9QKiePP9fJ70dhEe8MSSavFKdY71MOB29oLRrveFggzzD0QS93VvVvIfmET0JoMe8k3RVvXqZMT1mO608oI9zPJxm8ryDauw8"
  },
  "delta": 0.05,
  "embedder": {
    "device": "cpu",
    "dim": 768,
    "name": "BAAI/bge-base-en-v1.5",
    "precision": "fp32",
    "probe": "prismpath routing lockfile embedder fingerprint probe sentence",
    "probe_vec": "J+F9u990Y718dc87U6RCPbj4zj26f+M89947Pcy/JrwCsTK9uKFYvWkkPD2nd8Y6NEBYvTIDwLs35rM8S6IFPTRtLD2pwQi9y8EgPUS4EzwQ8fg8ZkpiPBUflbtA9K67orUcPJITtTyH/oc8HkG1PEQ2pL1I1n89UBv+PIbR0LyjTpA9EFcKvdifxzpQCyA9O5lXvLadDz3cnZS8IBLLu353Br0QrLk7GdhKvRveybySP+y8YsbGPHxKp72jjns8zWNzurTdXryds6O9GkNRPY9azrufFHI8WSNSPZLC2btn2wY81BTuvRdiez1hPmA7mteqvJxw6LxAVeg8VMw/PQHSwjwv1P48CbVFPXBqdj0aEke9mi0IPLSr/jyQqXg7BkCBPOhGxzu4cMO8uQR+vOhGM7wcipM82Wx4PHprQz3Cx/+7f6nOO3sPnDxdnbE88R+9vHDwVrxBfV69CblqPNrfQ7u1PUI9FSEFPfaXQ71dioc8VmvSPOXQ9DxApmK9Dl0KvHG53DyPRXw8P8RLPYzB3TxFkkG8Y+NmOcX5kzy9l4u9XhFRO3ZnDb2+d2678688vFkeL7yOiLq7/2cOPalMGzzGeD48fmRYvVGFuz1LFZ08b8vivPxYjrw9faY64GU9PYwpzDynxxc9w+EjPQDhpTv8DAg8dv4wPeOkvjz3jBU9EKvIvLiwiLwRnWE9PrQMPALFEDo1b1Y7iEL/vPziZbyL9im7fvI2PfehPbyEMYy8xcklvVPBVD2SaFm9zlIEPbem2bmdLxc9vAEMun2rnrxk1E09KzKsvGChRTwIIow9GZpOvcHJEjseYmc9IEjJPDskBzxQh229ib0dvR8k87tcdla8yZ/4vNvnLj0ROis84It2PRhsjjzyuIm8p2hJPWOGkrxBQ/G8O0KBOlizkT0zG8k863hOPA3LsTp6vzY94TJJu0flUrzs3TK97tNfveJWsjyDgpG7qTr0PJUyMb1kJY68GspcPfTnK7wY1Gy9M9sSPK1fc73sF0u92F5sPacAIr06Tn48B5UQPPJEWbz8wS4854b1vBmczz0J1wg9EOD7vD1PGj2PqZ69BsuCvSYcZzzJDsE8KCe2vIO4X70y3hO7152JvXpwk7xSYzo8n71KvdCjdz3hBn87LB3KOuPCNb1xSHQ7+SL2vNfslLymE3W9siBEvQqpjrsO8x29nnC2PV/+Qz0Gnzy7xwoRvXk+GLy6dAQ8IC5zvXG0HDzgh5+9HtCtu+apPDyXmVW6NNZavQTQRT0DQw69uBJ2PUBo9jwf1sA7+gGhPG0DYT2GqMe7ev5BPUJiSbxZe/q84aLZuzdnBjwP0g88esXPO0n0KL3N/L87dXODvCaPvTyWLSO9675OvCmWyj1wmdM5MXpbPdp+b71XR2C84l1Kvd8Ujr0RjGq7IZYaO45gez0AvP08+tzXvKmfk7xxI/q73NWhvKWm6DxGBxo8SVHVO+4HuTw8cR08slUjvTz7V7z7TZk7sfiWvf82M7w+JMc8dT9avXA6+TzYcDY6z7MovSrtHDwqWj287ejgO2c8CjwDrcM83/Q7PVZctTxNucW8DGI5PH0UoDyTPNI7O6kIPUANEjy1xdc7BnWovBiT6bygLDW9XlQSPPfNc73kD4++UdxaPTyhgzyTqV29Q2+vPKZRxTwI1jY9vS+MvJHFGjuEAgo8UXycPNOViLzIIYc9/hEEPdrfILz6yva6oWjbvKMOcb3yo4Y8g6KfvFdWeroTip+9qcAxPdjIl7s4JG68MURDPTMre722OKi8RQ7LO8zdQb32d1m7fqGPvNU1V71xYFi9q2+5vL1QGr3HcE89rnNkPKBbu7zPJAI7So0TPGoAOLwrLL+6oW9MvTq9jz3Xwy48P0bLvCawwbwd9gE9tgAVPcIibrwkET28olsJvJTJcjySTxW9hcGzOwmC8zyveMe8GEAdvaHgRrzPqw89WWcFvbdOvzp1Yxi9EzP+vJRoyryuA2K9kvahvfJadD32MJk8KGqAvNCBUzwjEkQ8DKevvdso67uctyq7YPXlvO+M87yX9aM8XKM3PNG1VL2XsEG6B3fmPGE/T7yDNYQ84ph0O59cS71uPQa9AJfgvFgyiLyysK88kGRcvB2CC71M3is59UmwPO9jyjseUSY9graxOyd43zxzgAM9CSkOPVmmcb3WllA8wOSBvb4xEzwl+tO8ruKAvctJoDsRQLw8QL3hvDirEbxp09Y8lex1vFX5F72OFoK841k3vGso6jwub5U50kc0Op3QPb0XDOG88OI8PdJvWrwuyyM9FmqyvabCOLyM45K8YU+qPKcZQT1JysM8UD07vB8CSbzs4vq8Yw+TvJw6SzoKwzc7ZYqHvddFNL2GoTk9PiHPPIa4Dr3D72I6n6GmPU1Xbj31FKA9soVPPH+aHD3HfB29wZT5vDnijLwtNxI9L/OZvRT8ervSMoa9xARfPG/GJzxmPsQ7ZpfTuonpsryGv+a8kgNrPcDfgDpzdAQ9OUuOOoRPBr31lqQ8FFo6vLeXAz2kawC92f/QvAl5qryQvYq8wQBIOl4eCT2qZ2u8qlk5PYheObz4DnE84Gz5vMsuBT1m/RC9GvvrvCQrqzzMQFI9nUivPEoAP71fGhG8xG4kvNdxzzxM6Pm603a/OzxnND1eYlW9MNYsvN4qyLzYHXu9PYPDOjZNbj2iYym7v4QVPCQeBr2Qhaa88+05PLAgcTz1Ay895R0bvb/DfLxnAz49ev2nvNpS7DvYfmy89781vdpEh7y5XkQ79FIAvCyRhb26DJs8kWqlvC3rUb31mJM8nbtGO+dm67tP3H09tNfFuTsNSjzoauc8lQGcO18Y57whwuM8M7uNPOEnHby68QW9CuqMPT6sujyJswy9ojXAvMryhr22Re284tOPvGS/Fz3yKRc94zBKvM9H67vwXw27f7JIvJ34/DyE2NI8z/uBvL/ejLrALwA9yRYKvP2IWT2ciz68kVUXvSdBWz19XzG9YgwVvG5RWjy40KO8+GUkO+2RmbvLGqi8X6FuO2XQbj346qI81l6tvPsWrzwVwwe986GIu+b6Xr0ZgIK8mDFQvRgzhT2csok8Tq51vW7dvLyCaFw8empAPLWCQT3h26K9yo5lvdsO9LtWTti8HSdDvIUn0rxWy4i8XuppPf9IGT2EcUK9AMokvf2fBTwTYSo9AE6ivDxzmjwYvSU8NsrVvOvaDT1YR248L7ouvCK4UzzySBa9SP+FPDGBoTyIMgm9WdutvOJi7DxwDKg8tFiOvXp5HT3sR7g88thSvIc8Jb21/VQ9Eg4CPev9KbweY7q81YKMO2r2Uby/Pqu8aW3EPIZVND3mqQO6q8mZPVTEuTwGDZg842xMPcG2njyPdio9Ysf9u9H9hz23+3M9KjK1vJUDLDyIUG09ytRWvbm6gLy0NYC87ZPfOySdHb3bq548U07AvIkfvj1b5I48xbRqPdVhAr0mTCI9GEF/vGiTUz0fMug7+kOmPA80YrxrsQ09FW+OvLHewDt04Do9UfVevTbPzrz4XDo8wvqpvYGCi7tAfGW9HuuqPPujjT0Uu8K6tuChvbZhC7xmybs8tRtVPV52AD3DTDO8w48UPVkNwjydwQy9mWmlvHxlH73B2le8SrswPO4btbwCq6Y8nx9FPTRllTzM/5u7v/q9vOdnhb1r8ee86i9LvUQCZrzGcEK9/8UOPKaZIL1FTQC9GrSMvDnepzvFXvU8aMvVvPdlk7wcroQ8auqIPUo9ND383ws9AL0LPdkMJj0H6oG6fXADu3JV6joUBas9iAzJvKCNBLxIJcG9heAAPP9k5jy+hWk85jR6vSzjeTy9Kog8DgqSvAigmj3wSxi8YfudPKShDrxxLJA8r8DtOQSKcDxP7CU952T0O7sWJTy2iBc8gD1LvOL4Lb3FAuo7s3IWPXa0g7yndAC8Hg0NvFJnnLwKfzu94pkVvdp1hrvXyKo8YRE0vVGm0zxmiKg8tX3bt9OHIb267FW7zPFoPNmptLwY9Si8BW9jvaGCIz0K9iu8V/enPEPC7DyratO82AeLPN4Xo7yFOKo89JNNPct7cLywXJk8",
    "provider": "sentence-transformers"
  },
  "flow": "wazuh_triage_decomposed",
  "flow_hash": "sha256:e8b1a8e34b5a739b675ef3b09fc9fdeb3c0365ddcec51f328e49995e4d02ecd3",
  "version": 1
}